
Microsoft Visual Studio Solution File, Format Version 12.00
# Visual Studio 15
VisualStudioVersion = 15.0.26228.9
MinimumVisualStudioVersion = 10.0.40219.1
Project("{2150E333-8FDC-42A3-9474-1A3956D46DE8}") = "src", "src", "{60C9F3E8-8C40-49B0-B5C6-46D27B05BC25}"
EndProject
Project("{2150E333-8FDC-42A3-9474-1A3956D46DE8}") = "Solution Items", "Solution Items", "{74C2B97A-A0A4-4733-ADB8-5926FE507B2A}"
EndProject
Project("{9A19103F-16F7-4668-BE54-9A1E7A4F7556}") = "ClientApi", "src\ClientApi\ClientApi.csproj", "{D83CAB8E-1948-4D76-94C3-24F0B9216238}"
EndProject
Global
	GlobalSection(SolutionConfigurationPlatforms) = preSolution
		Debug|Any CPU = Debug|Any CPU
		Release|Any CPU = Release|Any CPU
	EndGlobalSection
	GlobalSection(ProjectConfigurationPlatforms) = postSolution
		{D83CAB8E-1948-4D76-94C3-24F0B9216238}.Debug|Any CPU.ActiveCfg = Debug|Any CPU
		{D83CAB8E-1948-4D76-94C3-24F0B9216238}.Debug|Any CPU.Build.0 = Debug|Any CPU
		{D83CAB8E-1948-4D76-94C3-24F0B9216238}.Release|Any CPU.ActiveCfg = Release|Any CPU
		{D83CAB8E-1948-4D76-94C3-24F0B9216238}.Release|Any CPU.Build.0 = Release|Any CPU
	EndGlobalSection
	GlobalSection(SolutionProperties) = preSolution
		HideSolutionNode = FALSE
	EndGlobalSection
	GlobalSection(NestedProjects) = preSolution
		{D83CAB8E-1948-4D76-94C3-24F0B9216238} = {60C9F3E8-8C40-49B0-B5C6-46D27B05BC25}
	EndGlobalSection
EndGlobal
